// !$*UTF8*$!
{
	archiveVersion = 1;
	classes = {
	};
	objectVersion = 50;
	objects = {

/* Begin PBXBuildFile section */
		034B3CDA085241D6C96557CE /* Pods_VitalsTests.framework in Frameworks */ = {isa = PBXBuildFile; fileRef = 5D3ECB48C57CB65E759A9AEA /* Pods_VitalsTests.framework */; };
		3083AD88E4B0F50CEF8150BB /* Pods_Vitals.framework in Frameworks */ = {isa = PBXBuildFile; fileRef = 8EDE20804548BB98B9D1C2F3 /* Pods_Vitals.framework */; };
		64BBF91CC20F33D41B82DC30 /* Pods_VitalsUITests.framework in Frameworks */ = {isa = PBXBuildFile; fileRef = 19A1CDE1C4C8F8C5F8ECDED1 /* Pods_VitalsUITests.framework */; };
		929011012328AAB3007DD4C1 /* AppDelegate.swift in Sources */ = {isa = PBXBuildFile; fileRef = 929011002328AAB3007DD4C1 /* AppDelegate.swift */; };
		929011062328AAB3007DD4C1 /* Main.storyboard in Resources */ = {isa = PBXBuildFile; fileRef = 929011042328AAB3007DD4C1 /* Main.storyboard */; };
		929011082328AABD007DD4C1 /* Assets.xcassets in Resources */ = {isa = PBXBuildFile; fileRef = 929011072328AABD007DD4C1 /* Assets.xcassets */; };
		9290110B2328AABD007DD4C1 /* LaunchScreen.storyboard in Resources */ = {isa = PBXBuildFile; fileRef = 929011092328AABD007DD4C1 /* LaunchScreen.storyboard */; };
		929011162328AABD007DD4C1 /* VitalsTests.swift in Sources */ = {isa = PBXBuildFile; fileRef = 929011152328AABD007DD4C1 /* VitalsTests.swift */; };
		929011212328AABD007DD4C1 /* VitalsUITests.swift in Sources */ = {isa = PBXBuildFile; fileRef = 929011202328AABD007DD4C1 /* VitalsUITests.swift */; };
		929011392328BD0D007DD4C1 /* LoginViewController.swift in Sources */ = {isa = PBXBuildFile; fileRef = 929011382328BD0D007DD4C1 /* LoginViewController.swift */; };
		9290113B2328C329007DD4C1 /* HomeViewController.swift in Sources */ = {isa = PBXBuildFile; fileRef = 9290113A2328C329007DD4C1 /* HomeViewController.swift */; };
		9290113D2328D024007DD4C1 /* SettingsViewController.swift in Sources */ = {isa = PBXBuildFile; fileRef = 9290113C2328D024007DD4C1 /* SettingsViewController.swift */; };
		92AC0766235AB1490062C50D /* HeartRateTableViewCell.swift in Sources */ = {isa = PBXBuildFile; fileRef = 92AC0765235AB1490062C50D /* HeartRateTableViewCell.swift */; };
		92BC6AE8236D03CA00F454D7 /* MailComposerViewController.swift in Sources */ = {isa = PBXBuildFile; fileRef = 92BC6AE7236D03CA00F454D7 /* MailComposerViewController.swift */; };
		92BC6AEA2371642900F454D7 /* MyVitalsAnalysisViewController.swift in Sources */ = {isa = PBXBuildFile; fileRef = 92BC6AE92371642900F454D7 /* MyVitalsAnalysisViewController.swift */; };
		92E024B12373FBDF000D4B3D /* EditSettingsViewController.swift in Sources */ = {isa = PBXBuildFile; fileRef = 92E024B02373FBDF000D4B3D /* EditSettingsViewController.swift */; };
		92E024B323740228000D4B3D /* signUpViewController.swift in Sources */ = {isa = PBXBuildFile; fileRef = 92E024B223740228000D4B3D /* signUpViewController.swift */; };
		92E024B523740A35000D4B3D /* ForgotPasswordViewController.swift in Sources */ = {isa = PBXBuildFile; fileRef = 92E024B423740A35000D4B3D /* ForgotPasswordViewController.swift */; };
/* End PBXBuildFile section */

/* Begin PBXContainerItemProxy section */
		929011122328AABD007DD4C1 /* PBXContainerItemProxy */ = {
			isa = PBXContainerItemProxy;
			containerPortal = 929010F52328AAB2007DD4C1 /* Project object */;
			proxyType = 1;
			remoteGlobalIDString = 929010FC2328AAB2007DD4C1;
			remoteInfo = Vitals;
		};
		9290111D2328AABD007DD4C1 /* PBXContainerItemProxy */ = {
			isa = PBXContainerItemProxy;
			containerPortal = 929010F52328AAB2007DD4C1 /* Project object */;
			proxyType = 1;
			remoteGlobalIDString = 929010FC2328AAB2007DD4C1;
			remoteInfo = Vitals;
		};
/* End PBXContainerItemProxy section */

/* Begin PBXFileReference section */
		19A1CDE1C4C8F8C5F8ECDED1 /* Pods_VitalsUITests.framework */ = {isa = PBXFileReference; explicitFileType = wrapper.framework; includeInIndex = 0; path = Pods_VitalsUITests.framework; sourceTree = BUILT_PRODUCTS_DIR; };
		19FD29A7B627959CBE3DE1DC /* Pods-Vitals.release.xcconfig */ = {isa = PBXFileReference; includeInIndex = 1; lastKnownFileType = text.xcconfig; name = "Pods-Vitals.release.xcconfig"; path = "Pods/Target Support Files/Pods-Vitals/Pods-Vitals.release.xcconfig"; sourceTree = "<group>"; };
		3EBFBA4E1AFC7E6AC8BB21F7 /* Pods-Vitals.debug.xcconfig */ = {isa = PBXFileReference; includeInIndex = 1; lastKnownFileType = text.xcconfig; name = "Pods-Vitals.debug.xcconfig"; path = "Pods/Target Support Files/Pods-Vitals/Pods-Vitals.debug.xcconfig"; sourceTree = "<group>"; };
		4138F432BB14A651F5D3C726 /* Pods-VitalsTests.debug.xcconfig */ = {isa = PBXFileReference; includeInIndex = 1; lastKnownFileType = text.xcconfig; name = "Pods-VitalsTests.debug.xcconfig"; path = "Pods/Target Support Files/Pods-VitalsTests/Pods-VitalsTests.debug.xcconfig"; sourceTree = "<group>"; };
		5D3ECB48C57CB65E759A9AEA /* Pods_VitalsTests.framework */ = {isa = PBXFileReference; explicitFileType = wrapper.framework; includeInIndex = 0; path = Pods_VitalsTests.framework; sourceTree = BUILT_PRODUCTS_DIR; };
		8EDE20804548BB98B9D1C2F3 /* Pods_Vitals.framework */ = {isa = PBXFileReference; explicitFileType = wrapper.framework; includeInIndex = 0; path = Pods_Vitals.framework; sourceTree = BUILT_PRODUCTS_DIR; };
		929010FD2328AAB3007DD4C1 /* Vitals.app */ = {isa = PBXFileReference; explicitFileType = wrapper.application; includeInIndex = 0; path = Vitals.app; sourceTree = BUILT_PRODUCTS_DIR; };
		929011002328AAB3007DD4C1 /* AppDelegate.swift */ = {isa = PBXFileReference; lastKnownFileType = sourcecode.swift; path = AppDelegate.swift; sourceTree = "<group>"; };
		929011052328AAB3007DD4C1 /* Base */ = {isa = PBXFileReference; lastKnownFileType = file.storyboard; name = Base; path = Base.lproj/Main.storyboard; sourceTree = "<group>"; };
		929011072328AABD007DD4C1 /* Assets.xcassets */ = {isa = PBXFileReference; lastKnownFileType = folder.assetcatalog; path = Assets.xcassets; sourceTree = "<group>"; };
		9290110A2328AABD007DD4C1 /* Base */ = {isa = PBXFileReference; lastKnownFileType = file.storyboard; name = Base; path = Base.lproj/LaunchScreen.storyboard; sourceTree = "<group>"; };
		9290110C2328AABD007DD4C1 /* Info.plist */ = {isa = PBXFileReference; lastKnownFileType = text.plist.xml; path = Info.plist; sourceTree = "<group>"; };
		929011112328AABD007DD4C1 /* VitalsTests.xctest */ = {isa = PBXFileReference; explicitFileType = wrapper.cfbundle; includeInIndex = 0; path = VitalsTests.xctest; sourceTree = BUILT_PRODUCTS_DIR; };
		929011152328AABD007DD4C1 /* VitalsTests.swift */ = {isa = PBXFileReference; lastKnownFileType = sourcecode.swift; path = VitalsTests.swift; sourceTree = "<group>"; };
		929011172328AABD007DD4C1 /* Info.plist */ = {isa = PBXFileReference; lastKnownFileType = text.plist.xml; path = Info.plist; sourceTree = "<group>"; };
		9290111C2328AABD007DD4C1 /* VitalsUITests.xctest */ = {isa = PBXFileReference; explicitFileType = wrapper.cfbundle; includeInIndex = 0; path = VitalsUITests.xctest; sourceTree = BUILT_PRODUCTS_DIR; };
		929011202328AABD007DD4C1 /* VitalsUITests.swift */ = {isa = PBXFileReference; lastKnownFileType = sourcecode.swift; path = VitalsUITests.swift; sourceTree = "<group>"; };
		929011222328AABD007DD4C1 /* Info.plist */ = {isa = PBXFileReference; lastKnownFileType = text.plist.xml; path = Info.plist; sourceTree = "<group>"; };
		929011382328BD0D007DD4C1 /* LoginViewController.swift */ = {isa = PBXFileReference; lastKnownFileType = sourcecode.swift; path = LoginViewController.swift; sourceTree = "<group>"; };
		9290113A2328C329007DD4C1 /* HomeViewController.swift */ = {isa = PBXFileReference; lastKnownFileType = sourcecode.swift; path = HomeViewController.swift; sourceTree = "<group>"; };
		9290113C2328D024007DD4C1 /* SettingsViewController.swift */ = {isa = PBXFileReference; lastKnownFileType = sourcecode.swift; path = SettingsViewController.swift; sourceTree = "<group>"; };
		92AC0765235AB1490062C50D /* HeartRateTableViewCell.swift */ = {isa = PBXFileReference; lastKnownFileType = sourcecode.swift; path = HeartRateTableViewCell.swift; sourceTree = "<group>"; };
		92BC6AE7236D03CA00F454D7 /* MailComposerViewController.swift */ = {isa = PBXFileReference; lastKnownFileType = sourcecode.swift; path = MailComposerViewController.swift; sourceTree = "<group>"; };
		92BC6AE92371642900F454D7 /* MyVitalsAnalysisViewController.swift */ = {isa = PBXFileReference; lastKnownFileType = sourcecode.swift; path = MyVitalsAnalysisViewController.swift; sourceTree = "<group>"; };
		92E024B02373FBDF000D4B3D /* EditSettingsViewController.swift */ = {isa = PBXFileReference; lastKnownFileType = sourcecode.swift; path = EditSettingsViewController.swift; sourceTree = "<group>"; };
		92E024B223740228000D4B3D /* signUpViewController.swift */ = {isa = PBXFileReference; lastKnownFileType = sourcecode.swift; path = signUpViewController.swift; sourceTree = "<group>"; };
		92E024B423740A35000D4B3D /* ForgotPasswordViewController.swift */ = {isa = PBXFileReference; lastKnownFileType = sourcecode.swift; path = ForgotPasswordViewController.swift; sourceTree = "<group>"; };
		B05B0A62568A996B5BB5C325 /* Pods-VitalsTests.release.xcconfig */ = {isa = PBXFileReference; includeInIndex = 1; lastKnownFileType = text.xcconfig; name = "Pods-VitalsTests.release.xcconfig"; path = "Pods/Target Support Files/Pods-VitalsTests/Pods-VitalsTests.release.xcconfig"; sourceTree = "<group>"; };
		D74A13431FCDA47A18A088DC /* Pods-VitalsUITests.debug.xcconfig */ = {isa = PBXFileReference; includeInIndex = 1; lastKnownFileType = text.xcconfig; name = "Pods-VitalsUITests.debug.xcconfig"; path = "Pods/Target Support Files/Pods-VitalsUITests/Pods-VitalsUITests.debug.xcconfig"; sourceTree = "<group>"; };
		E1F87EBDCE60EF7AC59B0771 /* Pods-VitalsUITests.release.xcconfig */ = {isa = PBXFileReference; includeInIndex = 1; lastKnownFileType = text.xcconfig; name = "Pods-VitalsUITests.release.xcconfig"; path = "Pods/Target Support Files/Pods-VitalsUITests/Pods-VitalsUITests.release.xcconfig"; sourceTree = "<group>"; };
/* End PBXFileReference section */

/* Begin PBXFrameworksBuildPhase section */
		929010FA2328AAB2007DD4C1 /* Frameworks */ = {
			isa = PBXFrameworksBuildPhase;
			buildActionMask = 2147483647;
			files = (
				3083AD88E4B0F50CEF8150BB /* Pods_Vitals.framework in Frameworks */,
			);
			runOnlyForDeploymentPostprocessing = 0;
		};
		9290110E2328AABD007DD4C1 /* Frameworks */ = {
			isa = PBXFrameworksBuildPhase;
			buildActionMask = 2147483647;
			files = (
				034B3CDA085241D6C96557CE /* Pods_VitalsTests.framework in Frameworks */,
			);
			runOnlyForDeploymentPostprocessing = 0;
		};
		929011192328AABD007DD4C1 /* Frameworks */ = {
			isa = PBXFrameworksBuildPhase;
			buildActionMask = 2147483647;
			files = (
				64BBF91CC20F33D41B82DC30 /* Pods_VitalsUITests.framework in Frameworks */,
			);
			runOnlyForDeploymentPostprocessing = 0;
		};
/* End PBXFrameworksBuildPhase section */

/* Begin PBXGroup section */
		03668EECDDB1A70DBAA25ED8 /* Pods */ = {
			isa = PBXGroup;
			children = (
				3EBFBA4E1AFC7E6AC8BB21F7 /* Pods-Vitals.debug.xcconfig */,
				19FD29A7B627959CBE3DE1DC /* Pods-Vitals.release.xcconfig */,
				4138F432BB14A651F5D3C726 /* Pods-VitalsTests.debug.xcconfig */,
				B05B0A62568A996B5BB5C325 /* Pods-VitalsTests.release.xcconfig */,
				D74A13431FCDA47A18A088DC /* Pods-VitalsUITests.debug.xcconfig */,
				E1F87EBDCE60EF7AC59B0771 /* Pods-VitalsUITests.release.xcconfig */,
			);
			name = Pods;
			sourceTree = "<group>";
		};
		599FF0C693DBFFD03DD33814 /* Frameworks */ = {
			isa = PBXGroup;
			children = (
				8EDE20804548BB98B9D1C2F3 /* Pods_Vitals.framework */,
				5D3ECB48C57CB65E759A9AEA /* Pods_VitalsTests.framework */,
				19A1CDE1C4C8F8C5F8ECDED1 /* Pods_VitalsUITests.framework */,
			);
			name = Frameworks;
			sourceTree = "<group>";
		};
		929010F42328AAB2007DD4C1 = {
			isa = PBXGroup;
			children = (
				929010FF2328AAB3007DD4C1 /* Vitals */,
				929011142328AABD007DD4C1 /* VitalsTests */,
				9290111F2328AABD007DD4C1 /* VitalsUITests */,
				929010FE2328AAB3007DD4C1 /* Products */,
				03668EECDDB1A70DBAA25ED8 /* Pods */,
				599FF0C693DBFFD03DD33814 /* Frameworks */,
			);
			sourceTree = "<group>";
		};
		929010FE2328AAB3007DD4C1 /* Products */ = {
			isa = PBXGroup;
			children = (
				929010FD2328AAB3007DD4C1 /* Vitals.app */,
				929011112328AABD007DD4C1 /* VitalsTests.xctest */,
				9290111C2328AABD007DD4C1 /* VitalsUITests.xctest */,
			);
			name = Products;
			sourceTree = "<group>";
		};
		929010FF2328AAB3007DD4C1 /* Vitals */ = {
			isa = PBXGroup;
			children = (
				929011002328AAB3007DD4C1 /* AppDelegate.swift */,
				929011042328AAB3007DD4C1 /* Main.storyboard */,
				9290113C2328D024007DD4C1 /* SettingsViewController.swift */,
				929011072328AABD007DD4C1 /* Assets.xcassets */,
				929011092328AABD007DD4C1 /* LaunchScreen.storyboard */,
				9290110C2328AABD007DD4C1 /* Info.plist */,
				929011382328BD0D007DD4C1 /* LoginViewController.swift */,
				9290113A2328C329007DD4C1 /* HomeViewController.swift */,
				92AC0765235AB1490062C50D /* HeartRateTableViewCell.swift */,
				92BC6AE7236D03CA00F454D7 /* MailComposerViewController.swift */,
				92BC6AE92371642900F454D7 /* MyVitalsAnalysisViewController.swift */,
				92E024B02373FBDF000D4B3D /* EditSettingsViewController.swift */,
				92E024B223740228000D4B3D /* signUpViewController.swift */,
				92E024B423740A35000D4B3D /* ForgotPasswordViewController.swift */,
			);
			path = Vitals;
			sourceTree = "<group>";
		};
		929011142328AABD007DD4C1 /* VitalsTests */ = {
			isa = PBXGroup;
			children = (
				929011152328AABD007DD4C1 /* VitalsTests.swift */,
				929011172328AABD007DD4C1 /* Info.plist */,
			);
			path = VitalsTests;
			sourceTree = "<group>";
		};
		9290111F2328AABD007DD4C1 /* VitalsUITests */ = {
			isa = PBXGroup;
			children = (
				929011202328AABD007DD4C1 /* VitalsUITests.swift */,
				929011222328AABD007DD4C1 /* Info.plist */,
			);
			path = VitalsUITests;
			sourceTree = "<group>";
		};
/* End PBXGroup section */

/* Begin PBXNativeTarget section */
		929010FC2328AAB2007DD4C1 /* Vitals */ = {
			isa = PBXNativeTarget;
			buildConfigurationList = 929011252328AABD007DD4C1 /* Build configuration list for PBXNativeTarget "Vitals" */;
			buildPhases = (
				17944DB0D5CDA58C11253999 /* [CP] Check Pods Manifest.lock */,
				929010F92328AAB2007DD4C1 /* Sources */,
				929010FA2328AAB2007DD4C1 /* Frameworks */,
				929010FB2328AAB2007DD4C1 /* Resources */,
				861CB4E7938BCB1241ED7910 /* [CP] Embed Pods Frameworks */,
			);
			buildRules = (
			);
			dependencies = (
			);
			name = Vitals;
			productName = Vitals;
			productReference = 929010FD2328AAB3007DD4C1 /* Vitals.app */;
			productType = "com.apple.product-type.application";
		};
		929011102328AABD007DD4C1 /* VitalsTests */ = {
			isa = PBXNativeTarget;
			buildConfigurationList = 929011282328AABD007DD4C1 /* Build configuration list for PBXNativeTarget "VitalsTests" */;
			buildPhases = (
				26DE1B8033DCFA7288690751 /* [CP] Check Pods Manifest.lock */,
				9290110D2328AABD007DD4C1 /* Sources */,
				9290110E2328AABD007DD4C1 /* Frameworks */,
				9290110F2328AABD007DD4C1 /* Resources */,
			);
			buildRules = (
			);
			dependencies = (
				929011132328AABD007DD4C1 /* PBXTargetDependency */,
			);
			name = VitalsTests;
			productName = VitalsTests;
			productReference = 929011112328AABD007DD4C1 /* VitalsTests.xctest */;
			productType = "com.apple.product-type.bundle.unit-test";
		};
		9290111B2328AABD007DD4C1 /* VitalsUITests */ = {
			isa = PBXNativeTarget;
			buildConfigurationList = 9290112B2328AABD007DD4C1 /* Build configuration list for PBXNativeTarget "VitalsUITests" */;
			buildPhases = (
				53B35AA131D5F796AD9AE287 /* [CP] Check Pods Manifest.lock */,
				929011182328AABD007DD4C1 /* Sources */,
				929011192328AABD007DD4C1 /* Frameworks */,
				9290111A2328AABD007DD4C1 /* Resources */,
			);
			buildRules = (
			);
			dependencies = (
				9290111E2328AABD007DD4C1 /* PBXTargetDependency */,
			);
			name = VitalsUITests;
			productName = VitalsUITests;
			productReference = 9290111C2328AABD007DD4C1 /* VitalsUITests.xctest */;
			productType = "com.apple.product-type.bundle.ui-testing";
		};
/* End PBXNativeTarget section */

/* Begin PBXProject section */
		929010F52328AAB2007DD4C1 /* Project object */ = {
			isa = PBXProject;
			attributes = {
				LastSwiftUpdateCheck = 1010;
				LastUpgradeCheck = 1010;
				ORGANIZATIONNAME = 009252542SalvadorRodriguez;
				TargetAttributes = {
					929010FC2328AAB2007DD4C1 = {
						CreatedOnToolsVersion = 10.1;
					};
					929011102328AABD007DD4C1 = {
						CreatedOnToolsVersion = 10.1;
						TestTargetID = 929010FC2328AAB2007DD4C1;
					};
					9290111B2328AABD007DD4C1 = {
						CreatedOnToolsVersion = 10.1;
						TestTargetID = 929010FC2328AAB2007DD4C1;
					};
				};
			};
			buildConfigurationList = 929010F82328AAB2007DD4C1 /* Build configuration list for PBXProject "Vitals" */;
			compatibilityVersion = "Xcode 9.3";
			developmentRegion = en;
			hasScannedForEncodings = 0;
			knownRegions = (
				en,
				Base,
			);
			mainGroup = 929010F42328AAB2007DD4C1;
			productRefGroup = 929010FE2328AAB3007DD4C1 /* Products */;
			projectDirPath = "";
			projectRoot = "";
			targets = (
				929010FC2328AAB2007DD4C1 /* Vitals */,
				929011102328AABD007DD4C1 /* VitalsTests */,
				9290111B2328AABD007DD4C1 /* VitalsUITests */,
			);
		};
/* End PBXProject section */

/* Begin PBXResourcesBuildPhase section */
		929010FB2328AAB2007DD4C1 /* Resources */ = {
			isa = PBXResourcesBuildPhase;
			buildActionMask = 2147483647;
			files = (
				9290110B2328AABD007DD4C1 /* LaunchScreen.storyboard in Resources */,
				929011082328AABD007DD4C1 /* Assets.xcassets in Resources */,
				929011062328AAB3007DD4C1 /* Main.storyboard in Resources */,
			);
			runOnlyForDeploymentPostprocessing = 0;
		};
		9290110F2328AABD007DD4C1 /* Resources */ = {
			isa = PBXResourcesBuildPhase;
			buildActionMask = 2147483647;
			files = (
			);
			runOnlyForDeploymentPostprocessing = 0;
		};
		9290111A2328AABD007DD4C1 /* Resources */ = {
			isa = PBXResourcesBuildPhase;
			buildActionMask = 2147483647;
			files = (
			);
			runOnlyForDeploymentPostprocessing = 0;
		};
/* End PBXResourcesBuildPhase section */

/* Begin PBXShellScriptBuildPhase section */
		17944DB0D5CDA58C11253999 /* [CP] Check Pods Manifest.lock */ = {
			isa = PBXShellScriptBuildPhase;
			buildActionMask = 2147483647;
			files = (
			);
			inputFileListPaths = (
			);
			inputPaths = (
				"${PODS_PODFILE_DIR_PATH}/Podfile.lock",
				"${PODS_ROOT}/Manifest.lock",
			);
			name = "[CP] Check Pods Manifest.lock";
			outputFileListPaths = (
			);
			outputPaths = (
				"$(DERIVED_FILE_DIR)/Pods-Vitals-checkManifestLockResult.txt",
			);
			runOnlyForDeploymentPostprocessing = 0;
			shellPath = /bin/sh;
			shellScript = "diff \"${PODS_PODFILE_DIR_PATH}/Podfile.lock\" \"${PODS_ROOT}/Manifest.lock\" > /dev/null\nif [ $? != 0 ] ; then\n    # print error to STDERR\n    echo \"error: The sandbox is not in sync with the Podfile.lock. Run 'pod install' or update your CocoaPods installation.\" >&2\n    exit 1\nfi\n# This output is used by Xcode 'outputs' to avoid re-running this script phase.\necho \"SUCCESS\" > \"${SCRIPT_OUTPUT_FILE_0}\"\n";
			showEnvVarsInLog = 0;
		};
		26DE1B8033DCFA7288690751 /* [CP] Check Pods Manifest.lock */ = {
			isa = PBXShellScriptBuildPhase;
			buildActionMask = 2147483647;
			files = (
			);
			inputFileListPaths = (
			);
			inputPaths = (
				"${PODS_PODFILE_DIR_PATH}/Podfile.lock",
				"${PODS_ROOT}/Manifest.lock",
			);
			name = "[CP] Check Pods Manifest.lock";
			outputFileListPaths = (
			);
			outputPaths = (
				"$(DERIVED_FILE_DIR)/Pods-VitalsTests-checkManifestLockResult.txt",
			);
			runOnlyForDeploymentPostprocessing = 0;
			shellPath = /bin/sh;
			shellScript = "diff \"${PODS_PODFILE_DIR_PATH}/Podfile.lock\" \"${PODS_ROOT}/Manifest.lock\" > /dev/null\nif [ $? != 0 ] ; then\n    # print error to STDERR\n    echo \"error: The sandbox is not in sync with the Podfile.lock. Run 'pod install' or update your CocoaPods installation.\" >&2\n    exit 1\nfi\n# This output is used by Xcode 'outputs' to avoid re-running this script phase.\necho \"SUCCESS\" > \"${SCRIPT_OUTPUT_FILE_0}\"\n";
			showEnvVarsInLog = 0;
		};
		53B35AA131D5F796AD9AE287 /* [CP] Check Pods Manifest.lock */ = {
			isa = PBXShellScriptBuildPhase;
			buildActionMask = 2147483647;
			files = (
			);
			inputFileListPaths = (
			);
			inputPaths = (
				"${PODS_PODFILE_DIR_PATH}/Podfile.lock",
				"${PODS_ROOT}/Manifest.lock",
			);
			name = "[CP] Check Pods Manifest.lock";
			outputFileListPaths = (
			);
			outputPaths = (
				"$(DERIVED_FILE_DIR)/Pods-VitalsUITests-checkManifestLockResult.txt",
			);
			runOnlyForDeploymentPostprocessing = 0;
			shellPath = /bin/sh;
			shellScript = "diff \"${PODS_PODFILE_DIR_PATH}/Podfile.lock\" \"${PODS_ROOT}/Manifest.lock\" > /dev/null\nif [ $? != 0 ] ; then\n    # print error to STDERR\n    echo \"error: The sandbox is not in sync with the Podfile.lock. Run 'pod install' or update your CocoaPods installation.\" >&2\n    exit 1\nfi\n# This output is used by Xcode 'outputs' to avoid re-running this script phase.\necho \"SUCCESS\" > \"${SCRIPT_OUTPUT_FILE_0}\"\n";
			showEnvVarsInLog = 0;
		};
		861CB4E7938BCB1241ED7910 /* [CP] Embed Pods Frameworks */ = {
			isa = PBXShellScriptBuildPhase;
			buildActionMask = 2147483647;
			files = (
			);
			inputFileListPaths = (
			);
			inputPaths = (
				"${SRCROOT}/Pods/Target Support Files/Pods-Vitals/Pods-Vitals-frameworks.sh",
				"${BUILT_PRODUCTS_DIR}/Alamofire/Alamofire.framework",
				"${BUILT_PRODUCTS_DIR}/AlamofireImage/AlamofireImage.framework",
				"${BUILT_PRODUCTS_DIR}/Bolts/Bolts.framework",
				"${BUILT_PRODUCTS_DIR}/Charts/Charts.framework",
				"${BUILT_PRODUCTS_DIR}/Parse/Parse.framework",
			);
			name = "[CP] Embed Pods Frameworks";
			outputFileListPaths = (
			);
			outputPaths = (
				"${TARGET_BUILD_DIR}/${FRAMEWORKS_FOLDER_PATH}/Alamofire.framework",
				"${TARGET_BUILD_DIR}/${FRAMEWORKS_FOLDER_PATH}/AlamofireImage.framework",
				"${TARGET_BUILD_DIR}/${FRAMEWORKS_FOLDER_PATH}/Bolts.framework",
				"${TARGET_BUILD_DIR}/${FRAMEWORKS_FOLDER_PATH}/Charts.framework",
				"${TARGET_BUILD_DIR}/${FRAMEWORKS_FOLDER_PATH}/Parse.framework",
			);
			runOnlyForDeploymentPostprocessing = 0;
			shellPath = /bin/sh;
			shellScript = "\"${SRCROOT}/Pods/Target Support Files/Pods-Vitals/Pods-Vitals-frameworks.sh\"\n";
			showEnvVarsInLog = 0;
		};
/* End PBXShellScriptBuildPhase section */

/* Begin PBXSourcesBuildPhase section */
		929010F92328AAB2007DD4C1 /* Sources */ = {
			isa = PBXSourcesBuildPhase;
			buildActionMask = 2147483647;
			files = (
				929011392328BD0D007DD4C1 /* LoginViewController.swift in Sources */,
				92AC0766235AB1490062C50D /* HeartRateTableViewCell.swift in Sources */,
				92E024B12373FBDF000D4B3D /* EditSettingsViewController.swift in Sources */,
				92BC6AEA2371642900F454D7 /* MyVitalsAnalysisViewController.swift in Sources */,
				92BC6AE8236D03CA00F454D7 /* MailComposerViewController.swift in Sources */,
				929011012328AAB3007DD4C1 /* AppDelegate.swift in Sources */,
				92E024B523740A35000D4B3D /* ForgotPasswordViewController.swift in Sources */,
				9290113B2328C329007DD4C1 /* HomeViewController.swift in Sources */,
				9290113D2328D024007DD4C1 /* SettingsViewController.swift in Sources */,
				92E024B323740228000D4B3D /* signUpViewController.swift in Sources */,
			);
			runOnlyForDeploymentPostprocessing = 0;
		};
		9290110D2328AABD007DD4C1 /* Sources */ = {
			isa = PBXSourcesBuildPhase;
			buildActionMask = 2147483647;
			files = (
				929011162328AABD007DD4C1 /* VitalsTests.swift in Sources */,
			);
			runOnlyForDeploymentPostprocessing = 0;
		};
		929011182328AABD007DD4C1 /* Sources */ = {
			isa = PBXSourcesBuildPhase;
			buildActionMask = 2147483647;
			files = (
				929011212328AABD007DD4C1 /* VitalsUITests.swift in Sources */,
			);
			runOnlyForDeploymentPostprocessing = 0;
		};
/* End PBXSourcesBuildPhase section */

/* Begin PBXTargetDependency section */
		929011132328AABD007DD4C1 /* PBXTargetDependency */ = {
			isa = PBXTargetDependency;
			target = 929010FC2328AAB2007DD4C1 /* Vitals */;
			targetProxy = 929011122328AABD007DD4C1 /* PBXContainerItemProxy */;
		};
		9290111E2328AABD007DD4C1 /* PBXTargetDependency */ = {
			isa = PBXTargetDependency;
			target = 929010FC2328AAB2007DD4C1 /* Vitals */;
			targetProxy = 9290111D2328AABD007DD4C1 /* PBXContainerItemProxy */;
		};
/* End PBXTargetDependency section */

/* Begin PBXVariantGroup section */
		929011042328AAB3007DD4C1 /* Main.storyboard */ = {
			isa = PBXVariantGroup;
			children = (
				929011052328AAB3007DD4C1 /* Base */,
			);
			name = Main.storyboard;
			sourceTree = "<group>";
		};
		929011092328AABD007DD4C1 /* LaunchScreen.storyboard */ = {
			isa = PBXVariantGroup;
			children = (
				9290110A2328AABD007DD4C1 /* Base */,
			);
			name = LaunchScreen.storyboard;
			sourceTree = "<group>";
		};
/* End PBXVariantGroup section */

/* Begin XCBuildConfiguration section */
		929011232328AABD007DD4C1 /* Debug */ = {
			isa = XCBuildConfiguration;
			buildSettings = {
				ALWAYS_SEARCH_USER_PATHS = NO;
				CLANG_ANALYZER_NONNULL = YES;
				CLANG_ANALYZER_NUMBER_OBJECT_CONVERSION = YES_AGGRESSIVE;
				CLANG_CXX_LANGUAGE_STANDARD = "gnu++14";
				CLANG_CXX_LIBRARY = "libc++";
				CLANG_ENABLE_MODULES = YES;
				CLANG_ENABLE_OBJC_ARC = YES;
				CLANG_ENABLE_OBJC_WEAK = YES;
				CLANG_WARN_BLOCK_CAPTURE_AUTORELEASING = YES;
				CLANG_WARN_BOOL_CONVERSION = YES;
				CLANG_WARN_COMMA = YES;
				CLANG_WARN_CONSTANT_CONVERSION = YES;
				CLANG_WARN_DEPRECATED_OBJC_IMPLEMENTATIONS = YES;
				CLANG_WARN_DIRECT_OBJC_ISA_USAGE = YES_ERROR;
				CLANG_WARN_DOCUMENTATION_COMMENTS = YES;
				CLANG_WARN_EMPTY_BODY = YES;
				CLANG_WARN_ENUM_CONVERSION = YES;
				CLANG_WARN_INFINITE_RECURSION = YES;
				CLANG_WARN_INT_CONVERSION = YES;
				CLANG_WARN_NON_LITERAL_NULL_CONVERSION = YES;
				CLANG_WARN_OBJC_IMPLICIT_RETAIN_SELF = YES;
				CLANG_WARN_OBJC_LITERAL_CONVERSION = YES;
				CLANG_WARN_OBJC_ROOT_CLASS = YES_ERROR;
				CLANG_WARN_RANGE_LOOP_ANALYSIS = YES;
				CLANG_WARN_STRICT_PROTOTYPES = YES;
				CLANG_WARN_SUSPICIOUS_MOVE = YES;
				CLANG_WARN_UNGUARDED_AVAILABILITY = YES_AGGRESSIVE;
				CLANG_WARN_UNREACHABLE_CODE = YES;
				CLANG_WARN__DUPLICATE_METHOD_MATCH = YES;
				CODE_SIGN_IDENTITY = "iPhone Developer";
				COPY_PHASE_STRIP = NO;
				DEBUG_INFORMATION_FORMAT = dwarf;
				ENABLE_STRICT_OBJC_MSGSEND = YES;
				ENABLE_TESTABILITY = YES;
				GCC_C_LANGUAGE_STANDARD = gnu11;
				GCC_DYNAMIC_NO_PIC = NO;
				GCC_NO_COMMON_BLOCKS = YES;
				GCC_OPTIMIZATION_LEVEL = 0;
				GCC_PREPROCESSOR_DEFINITIONS = (
					"DEBUG=1",
					"$(inherited)",
				);
				GCC_WARN_64_TO_32_BIT_CONVERSION = YES;
				GCC_WARN_ABOUT_RETURN_TYPE = YES_ERROR;
				GCC_WARN_UNDECLARED_SELECTOR = YES;
				GCC_WARN_UNINITIALIZED_AUTOS = YES_AGGRESSIVE;
				GCC_WARN_UNUSED_FUNCTION = YES;
				GCC_WARN_UNUSED_VARIABLE = YES;
				IPHONEOS_DEPLOYMENT_TARGET = 12.1;
				MTL_ENABLE_DEBUG_INFO = INCLUDE_SOURCE;
				MTL_FAST_MATH = YES;
				ONLY_ACTIVE_ARCH = YES;
				SDKROOT = iphoneos;
				SWIFT_ACTIVE_COMPILATION_CONDITIONS = DEBUG;
				SWIFT_OPTIMIZATION_LEVEL = "-Onone";
			};
			name = Debug;
		};
		929011242328AABD007DD4C1 /* Release */ = {
			isa = XCBuildConfiguration;
			buildSettings = {
				ALWAYS_SEARCH_USER_PATHS = NO;
				CLANG_ANALYZER_NONNULL = YES;
				CLANG_ANALYZER_NUMBER_OBJECT_CONVERSION = YES_AGGRESSIVE;
				CLANG_CXX_LANGUAGE_STANDARD = "gnu++14";
				CLANG_CXX_LIBRARY = "libc++";
				CLANG_ENABLE_MODULES = YES;
				CLANG_ENABLE_OBJC_ARC = YES;
				CLANG_ENABLE_OBJC_WEAK = YES;
				CLANG_WARN_BLOCK_CAPTURE_AUTORELEASING = YES;
				CLANG_WARN_BOOL_CONVERSION = YES;
				CLANG_WARN_COMMA = YES;
				CLANG_WARN_CONSTANT_CONVERSION = YES;
				CLANG_WARN_DEPRECATED_OBJC_IMPLEMENTATIONS = YES;
				CLANG_WARN_DIRECT_OBJC_ISA_USAGE = YES_ERROR;
				CLANG_WARN_DOCUMENTATION_COMMENTS = YES;
				CLANG_WARN_EMPTY_BODY = YES;
				CLANG_WARN_ENUM_CONVERSION = YES;
				CLANG_WARN_INFINITE_RECURSION = YES;
				CLANG_WARN_INT_CONVERSION = YES;
				CLANG_WARN_NON_LITERAL_NULL_CONVERSION = YES;
				CLANG_WARN_OBJC_IMPLICIT_RETAIN_SELF = YES;
				CLANG_WARN_OBJC_LITERAL_CONVERSION = YES;
				CLANG_WARN_OBJC_ROOT_CLASS = YES_ERROR;
				CLANG_WARN_RANGE_LOOP_ANALYSIS = YES;
				CLANG_WARN_STRICT_PROTOTYPES = YES;
				CLANG_WARN_SUSPICIOUS_MOVE = YES;
				CLANG_WARN_UNGUARDED_AVAILABILITY = YES_AGGRESSIVE;
				CLANG_WARN_UNREACHABLE_CODE = YES;
				CLANG_WARN__DUPLICATE_METHOD_MATCH = YES;
				CODE_SIGN_IDENTITY = "iPhone Developer";
				COPY_PHASE_STRIP = NO;
				DEBUG_INFORMATION_FORMAT = "dwarf-with-dsym";
				ENABLE_NS_ASSERTIONS = NO;
				ENABLE_STRICT_OBJC_MSGSEND = YES;
				GCC_C_LANGUAGE_STANDARD = gnu11;
				GCC_NO_COMMON_BLOCKS = YES;
				GCC_WARN_64_TO_32_BIT_CONVERSION = YES;
				GCC_WARN_ABOUT_RETURN_TYPE = YES_ERROR;
				GCC_WARN_UNDECLARED_SELECTOR = YES;
				GCC_WARN_UNINITIALIZED_AUTOS = YES_AGGRESSIVE;
				GCC_WARN_UNUSED_FUNCTION = YES;
				GCC_WARN_UNUSED_VARIABLE = YES;
				IPHONEOS_DEPLOYMENT_TARGET = 12.1;
				MTL_ENABLE_DEBUG_INFO = NO;
				MTL_FAST_MATH = YES;
				SDKROOT = iphoneos;
				SWIFT_COMPILATION_MODE = wholemodule;
				SWIFT_OPTIMIZATION_LEVEL = "-O";
				VALIDATE_PRODUCT = YES;
			};
			name = Release;
		};
		929011262328AABD007DD4C1 /* Debug */ = {
			isa = XCBuildConfiguration;
			baseConfigurationReference = 3EBFBA4E1AFC7E6AC8BB21F7 /* Pods-Vitals.debug.xcconfig */;
			buildSettings = {
				ASSETCATALOG_COMPILER_APPICON_NAME = AppIcon;
				CODE_SIGN_STYLE = Automatic;
				DEVELOPMENT_TEAM = T6RX2NT5R3;
				INFOPLIST_FILE = Vitals/Info.plist;
				IPHONEOS_DEPLOYMENT_TARGET = 11.2;
				LD_RUNPATH_SEARCH_PATHS = (
					"$(inherited)",
					"@executable_path/Frameworks",
				);
				PRODUCT_BUNDLE_IDENTIFIER = edu.sjsu.salvador.rodriguez01.009252542.Vitals;
				PRODUCT_NAME = "$(TARGET_NAME)";
				SWIFT_VERSION = 4.2;
				TARGETED_DEVICE_FAMILY = "1,2";
			};
			name = Debug;
		};
		929011272328AABD007DD4C1 /* Release */ = {
			isa = XCBuildConfiguration;
			baseConfigurationReference = 19FD29A7B627959CBE3DE1DC /* Pods-Vitals.release.xcconfig */;
			buildSettings = {
				ASSETCATALOG_COMPILER_APPICON_NAME = AppIcon;
				CODE_SIGN_STYLE = Automatic;
				DEVELOPMENT_TEAM = T6RX2NT5R3;
				INFOPLIST_FILE = Vitals/Info.plist;
				IPHONEOS_DEPLOYMENT_TARGET = 11.2;
				LD_RUNPATH_SEARCH_PATHS = (
					"$(inherited)",
					"@executable_path/Frameworks",
				);
				PRODUCT_BUNDLE_IDENTIFIER = edu.sjsu.salvador.rodriguez01.009252542.Vitals;
				PRODUCT_NAME = "$(TARGET_NAME)";
				SWIFT_VERSION = 4.2;
				TARGETED_DEVICE_FAMILY = "1,2";
			};
			name = Release;
		};
		929011292328AABD007DD4C1 /* Debug */ = {
			isa = XCBuildConfiguration;
			baseConfigurationReference = 4138F432BB14A651F5D3C726 /* Pods-VitalsTests.debug.xcconfig */;
			buildSettings = {
				ALWAYS_EMBED_SWIFT_STANDARD_LIBRARIES = YES;
				BUNDLE_LOADER = "$(TEST_HOST)";
				CODE_SIGN_STYLE = Automatic;
				DEVELOPMENT_TEAM = T6RX2NT5R3;
				INFOPLIST_FILE = VitalsTests/Info.plist;
				LD_RUNPATH_SEARCH_PATHS = (
					"$(inherited)",
					"@executable_path/Frameworks",
					"@loader_path/Frameworks",
				);
				PRODUCT_BUNDLE_IDENTIFIER = edu.sjsu.salvador.rodriguez01.009252542.VitalsTests;
				PRODUCT_NAME = "$(TARGET_NAME)";
				SWIFT_VERSION = 4.2;
				TARGETED_DEVICE_FAMILY = "1,2";
				TEST_HOST = "$(BUILT_PRODUCTS_DIR)/Vitals.app/Vitals";
			};
			name = Debug;
		};
		9290112A2328AABD007DD4C1 /* Release */ = {
			isa = XCBuildConfiguration;
			baseConfigurationReference = B05B0A62568A996B5BB5C325 /* Pods-VitalsTests.release.xcconfig */;
			buildSettings = {
				ALWAYS_EMBED_SWIFT_STANDARD_LIBRARIES = YES;
				BUNDLE_LOADER = "$(TEST_HOST)";
				CODE_SIGN_STYLE = Automatic;
				DEVELOPMENT_TEAM = T6RX2NT5R3;
				INFOPLIST_FILE = VitalsTests/Info.plist;
				LD_RUNPATH_SEARCH_PATHS = (
					"$(inherited)",
					"@executable_path/Frameworks",
					"@loader_path/Frameworks",
				);
				PRODUCT_BUNDLE_IDENTIFIER = edu.sjsu.salvador.rodriguez01.009252542.VitalsTests;
				PRODUCT_NAME = "$(TARGET_NAME)";
				SWIFT_VERSION = 4.2;
				TARGETED_DEVICE_FAMILY = "1,2";
				TEST_HOST = "$(BUILT_PRODUCTS_DIR)/Vitals.app/Vitals";
			};
			name = Release;
		};
		9290112C2328AABD007DD4C1 /* Debug */ = {
			isa = XCBuildConfiguration;
			baseConfigurationReference = D74A13431FCDA47A18A088DC /* Pods-VitalsUITests.debug.xcconfig */;
			buildSettings = {
				ALWAYS_EMBED_SWIFT_STANDARD_LIBRARIES = YES;
				CODE_SIGN_STYLE = Automatic;
				DEVELOPMENT_TEAM = T6RX2NT5R3;
				INFOPLIST_FILE = VitalsUITests/Info.plist;
				LD_RUNPATH_SEARCH_PATHS = (
					"$(inherited)",
					"@executable_path/Frameworks",
					"@loader_path/Frameworks",
				);
				PRODUCT_BUNDLE_IDENTIFIER = edu.sjsu.salvador.rodriguez01.009252542.VitalsUITests;
				PRODUCT_NAME = "$(TARGET_NAME)";
				SWIFT_VERSION = 4.2;
				TARGETED_DEVICE_FAMILY = "1,2";
				TEST_TARGET_NAME = Vitals;
			};
			name = Debug;
		};
		9290112D2328AABD007DD4C1 /* Release */ = {
			isa = XCBuildConfiguration;
			baseConfigurationReference = E1F87EBDCE60EF7AC59B0771 /* Pods-VitalsUITests.release.xcconfig */;
			buildSettings = {
				ALWAYS_EMBED_SWIFT_STANDARD_LIBRARIES = YES;
				CODE_SIGN_STYLE = Automatic;
				DEVELOPMENT_TEAM = T6RX2NT5R3;
				INFOPLIST_FILE = VitalsUITests/Info.plist;
				LD_RUNPATH_SEARCH_PATHS = (
					"$(inherited)",
					"@executable_path/Frameworks",
					"@loader_path/Frameworks",
				);
				PRODUCT_BUNDLE_IDENTIFIER = edu.sjsu.salvador.rodriguez01.009252542.VitalsUITests;
				PRODUCT_NAME = "$(TARGET_NAME)";
				SWIFT_VERSION = 4.2;
				TARGETED_DEVICE_FAMILY = "1,2";
				TEST_TARGET_NAME = Vitals;
			};
			name = Release;
		};
/* End XCBuildConfiguration section */

/* Begin XCConfigurationList section */
		929010F82328AAB2007DD4C1 /* Build configuration list for PBXProject "Vitals" */ = {
			isa = XCConfigurationList;
			buildConfigurations = (
				929011232328AABD007DD4C1 /* Debug */,
				929011242328AABD007DD4C1 /* Release */,
			);
			defaultConfigurationIsVisible = 0;
			defaultConfigurationName = Release;
		};
		929011252328AABD007DD4C1 /* Build configuration list for PBXNativeTarget "Vitals" */ = {
			isa = XCConfigurationList;
			buildConfigurations = (
				929011262328AABD007DD4C1 /* Debug */,
				929011272328AABD007DD4C1 /* Release */,
			);
			defaultConfigurationIsVisible = 0;
			defaultConfigurationName = Release;
		};
		929011282328AABD007DD4C1 /* Build configuration list for PBXNativeTarget "VitalsTests" */ = {
			isa = XCConfigurationList;
			buildConfigurations = (
				929011292328AABD007DD4C1 /* Debug */,
				9290112A2328AABD007DD4C1 /* Release */,
			);
			defaultConfigurationIsVisible = 0;
			defaultConfigurationName = Release;
		};
		9290112B2328AABD007DD4C1 /* Build configuration list for PBXNativeTarget "VitalsUITests" */ = {
			isa = XCConfigurationList;
			buildConfigurations = (
				9290112C2328AABD007DD4C1 /* Debug */,
				9290112D2328AABD007DD4C1 /* Release */,
			);
			defaultConfigurationIsVisible = 0;
			defaultConfigurationName = Release;
		};
/* End XCConfigurationList section */
	};
	rootObject = 929010F52328AAB2007DD4C1 /* Project object */;
}
